
Microsoft Visual Studio Solution File, Format Version 12.00
# Visual Studio Version 17
VisualStudioVersion = 17.9.34622.214
MinimumVisualStudioVersion = 10.0.40219.1
Project("{FAE04EC0-301F-11D3-BF4B-00C04F79EFBC}") = "OrderInsertion", "OrderInsertion\OrderInsertion.csproj", "{CE5C41D8-7F27-4C06-A941-EE53AD960444}"
EndProject
Global
	GlobalSection(SolutionConfigurationPlatforms) = preSolution
		Debug|Any CPU = Debug|Any CPU
		Release|Any CPU = Release|Any CPU
	EndGlobalSection
	GlobalSection(ProjectConfigurationPlatforms) = postSolution
		{CE5C41D8-7F27-4C06-A941-EE53AD960444}.Debug|Any CPU.ActiveCfg = Debug|Any CPU
		{CE5C41D8-7F27-4C06-A941-EE53AD960444}.Debug|Any CPU.Build.0 = Debug|Any CPU
		{CE5C41D8-7F27-4C06-A941-EE53AD960444}.Release|Any CPU.ActiveCfg = Release|Any CPU
		{CE5C41D8-7F27-4C06-A941-EE53AD960444}.Release|Any CPU.Build.0 = Release|Any CPU
	EndGlobalSection
	GlobalSection(SolutionProperties) = preSolution
		HideSolutionNode = FALSE
	EndGlobalSection
	GlobalSection(ExtensibilityGlobals) = postSolution
		SolutionGuid = {D5D09097-0CEE-46E7-B878-72BC72B489EF}
	EndGlobalSection
EndGlobal
